
Microsoft Visual Studio Solution File, Format Version 12.00
# Visual Studio Version 17
VisualStudioVersion = 17.13.35825.156 d17.13
MinimumVisualStudioVersion = 10.0.40219.1
Project("{FAE04EC0-301F-11D3-BF4B-00C04F79EFBC}") = "Simple Music Player", "Simple Music Player\Simple Music Player.csproj", "{D0A52484-EA8D-49BC-AD87-F31F09A91B93}"
EndProject
Global
	GlobalSection(SolutionConfigurationPlatforms) = preSolution
		Debug|Any CPU = Debug|Any CPU
		Release|Any CPU = Release|Any CPU
	EndGlobalSection
	GlobalSection(ProjectConfigurationPlatforms) = postSolution
		{D0A52484-EA8D-49BC-AD87-F31F09A91B93}.Debug|Any CPU.ActiveCfg = Debug|Any CPU
		{D0A52484-EA8D-49BC-AD87-F31F09A91B93}.Debug|Any CPU.Build.0 = Debug|Any CPU
		{D0A52484-EA8D-49BC-AD87-F31F09A91B93}.Release|Any CPU.ActiveCfg = Release|Any CPU
		{D0A52484-EA8D-49BC-AD87-F31F09A91B93}.Release|Any CPU.Build.0 = Release|Any CPU
	EndGlobalSection
	GlobalSection(SolutionProperties) = preSolution
		HideSolutionNode = FALSE
	EndGlobalSection
	GlobalSection(ExtensibilityGlobals) = postSolution
		SolutionGuid = {BB5465F1-9155-4919-9A23-FFE15EEBE429}
	EndGlobalSection
EndGlobal
